
Microsoft Visual Studio Solution File, Format Version 12.00
# Visual Studio Version 17
VisualStudioVersion = 17.9.34607.119
MinimumVisualStudioVersion = 10.0.40219.1
Project("{9A19103F-16F7-4668-BE54-9A1E7A4F7556}") = "ArchitectureArchiveBE", "ArchitectureArchiveBE.csproj", "{D3039BCB-76A9-4905-B353-258CF926EF5E}"
EndProject
Global
	GlobalSection(SolutionConfigurationPlatforms) = preSolution
		Debug|Any CPU = Debug|Any CPU
		Release|Any CPU = Release|Any CPU
	EndGlobalSection
	GlobalSection(ProjectConfigurationPlatforms) = postSolution
		{D3039BCB-76A9-4905-B353-258CF926EF5E}.Debug|Any CPU.ActiveCfg = Debug|Any CPU
		{D3039BCB-76A9-4905-B353-258CF926EF5E}.Debug|Any CPU.Build.0 = Debug|Any CPU
		{D3039BCB-76A9-4905-B353-258CF926EF5E}.Release|Any CPU.ActiveCfg = Release|Any CPU
		{D3039BCB-76A9-4905-B353-258CF926EF5E}.Release|Any CPU.Build.0 = Release|Any CPU
	EndGlobalSection
	GlobalSection(SolutionProperties) = preSolution
		HideSolutionNode = FALSE
	EndGlobalSection
	GlobalSection(ExtensibilityGlobals) = postSolution
		SolutionGuid = {8128ABA3-6EF9-4F67-9FC5-882AF1CAB9FB}
	EndGlobalSection
EndGlobal
